// !$*UTF8*$!
{
	archiveVersion = 1;
	classes = {
	};
	objectVersion = 45;
	objects = {

/* Begin PBXBuildFile section */
		1D3623260D0F684500981E51 /* RomanAppDelegate.m in Sources */ = {isa = PBXBuildFile; fileRef = 1D3623250D0F684500981E51 /* RomanAppDelegate.m */; };
		1D60589B0D05DD56006BFB54 /* main.m in Sources */ = {isa = PBXBuildFile; fileRef = 29B97316FDCFA39411CA2CEA /* main.m */; };
		1D60589F0D05DD5A006BFB54 /* Foundation.framework in Frameworks */ = {isa = PBXBuildFile; fileRef = 1D30AB110D05D00D00671497 /* Foundation.framework */; };
		1DF5F4E00D08C38300B7A737 /* UIKit.framework in Frameworks */ = {isa = PBXBuildFile; fileRef = 1DF5F4DF0D08C38300B7A737 /* UIKit.framework */; };
		28AD733F0D9D9553002E5188 /* MainWindow.xib in Resources */ = {isa = PBXBuildFile; fileRef = 28AD733E0D9D9553002E5188 /* MainWindow.xib */; };
		BF0F528F0E52D836005F00CE /* RomanViewController.m in Sources */ = {isa = PBXBuildFile; fileRef = BF0F528E0E52D836005F00CE /* RomanViewController.m */; };
		BF1405810E94B15000BFCDBA /* Default.png in Resources */ = {isa = PBXBuildFile; fileRef = BF1405800E94B15000BFCDBA /* Default.png */; };
		BF2BB6E20E94372F00CB1C7A /* panel.png in Resources */ = {isa = PBXBuildFile; fileRef = BF2BB6E10E94372F00CB1C7A /* panel.png */; };
		BF3AC5930F6FB57900441C90 /* QuartzCore.framework in Frameworks */ = {isa = PBXBuildFile; fileRef = BF3AC5920F6FB57900441C90 /* QuartzCore.framework */; };
		BF3AC6240F6FBB1D00441C90 /* iPhone-shaking.png in Resources */ = {isa = PBXBuildFile; fileRef = BF3AC6230F6FBB1D00441C90 /* iPhone-shaking.png */; };
		BF4CFA030E94145A00818911 /* ArabicViewController.m in Sources */ = {isa = PBXBuildFile; fileRef = BF4CFA010E94145A00818911 /* ArabicViewController.m */; };
		BF4CFA4E0E9421B600818911 /* roman.png in Resources */ = {isa = PBXBuildFile; fileRef = BF4CFA4D0E9421B600818911 /* roman.png */; };
		BF4CFA500E9421BC00818911 /* arabic.png in Resources */ = {isa = PBXBuildFile; fileRef = BF4CFA4F0E9421BC00818911 /* arabic.png */; };
		BF5E8CDE0E52DACE00485C7A /* RomanView.xib in Resources */ = {isa = PBXBuildFile; fileRef = BF5E8CDD0E52DACE00485C7A /* RomanView.xib */; };
		BF7E68710E8440FC00099191 /* dark.png in Resources */ = {isa = PBXBuildFile; fileRef = BF7E68700E8440FC00099191 /* dark.png */; };
		BF7E68770E84421C00099191 /* light.png in Resources */ = {isa = PBXBuildFile; fileRef = BF7E68760E84421C00099191 /* light.png */; };
		BF7E68BD0E844DE500099191 /* light_delete.png in Resources */ = {isa = PBXBuildFile; fileRef = BF7E68BB0E844DE500099191 /* light_delete.png */; };
		BF7E68BE0E844DE500099191 /* dark_delete.png in Resources */ = {isa = PBXBuildFile; fileRef = BF7E68BC0E844DE500099191 /* dark_delete.png */; };
		BF89BECD0E5622A8006F4F39 /* Icon.png in Resources */ = {isa = PBXBuildFile; fileRef = BF89BECC0E5622A8006F4F39 /* Icon.png */; };
		BFA126D90E94125E000342F9 /* ArabicView.xib in Resources */ = {isa = PBXBuildFile; fileRef = BFA126D80E94125E000342F9 /* ArabicView.xib */; };
		BFAC78A60EB3C2940018DAA6 /* Converter.m in Sources */ = {isa = PBXBuildFile; fileRef = BFAC78A50EB3C2940018DAA6 /* Converter.m */; };
		BFAC7A880EB4566D0018DAA6 /* Settings.bundle in Resources */ = {isa = PBXBuildFile; fileRef = BFAC7A870EB4566D0018DAA6 /* Settings.bundle */; };
		BFFC7B780E7ADEC1009ACA39 /* Entitlements.plist in Resources */ = {isa = PBXBuildFile; fileRef = BFFC7B770E7ADEC1009ACA39 /* Entitlements.plist */; };
/* End PBXBuildFile section */

/* Begin PBXFileReference section */
		1D30AB110D05D00D00671497 /* Foundation.framework */ = {isa = PBXFileReference; lastKnownFileType = wrapper.framework; name = Foundation.framework; path = System/Library/Frameworks/Foundation.framework; sourceTree = SDKROOT; };
		1D3623240D0F684500981E51 /* RomanAppDelegate.h */ = {isa = PBXFileReference; fileEncoding = 4; lastKnownFileType = sourcecode.c.h; path = RomanAppDelegate.h; sourceTree = "<group>"; };
		1D3623250D0F684500981E51 /* RomanAppDelegate.m */ = {isa = PBXFileReference; fileEncoding = 4; lastKnownFileType = sourcecode.c.objc; path = RomanAppDelegate.m; sourceTree = "<group>"; };
		1D6058910D05DD3D006BFB54 /* Roman.app */ = {isa = PBXFileReference; explicitFileType = wrapper.application; includeInIndex = 0; path = Roman.app; sourceTree = BUILT_PRODUCTS_DIR; };
		1DF5F4DF0D08C38300B7A737 /* UIKit.framework */ = {isa = PBXFileReference; lastKnownFileType = wrapper.framework; name = UIKit.framework; path = System/Library/Frameworks/UIKit.framework; sourceTree = SDKROOT; };
		28AD733E0D9D9553002E5188 /* MainWindow.xib */ = {isa = PBXFileReference; lastKnownFileType = file.xib; path = MainWindow.xib; sourceTree = "<group>"; };
		29B97316FDCFA39411CA2CEA /* main.m */ = {isa = PBXFileReference; fileEncoding = 4; lastKnownFileType = sourcecode.c.objc; path = main.m; sourceTree = "<group>"; };
		32CA4F630368D1EE00C91783 /* Roman_Prefix.pch */ = {isa = PBXFileReference; fileEncoding = 4; lastKnownFileType = sourcecode.c.h; path = Roman_Prefix.pch; sourceTree = "<group>"; };
		8D1107310486CEB800E47090 /* Info.plist */ = {isa = PBXFileReference; fileEncoding = 4; lastKnownFileType = text.plist.xml; path = Info.plist; sourceTree = "<group>"; };
		BF0F528D0E52D836005F00CE /* RomanViewController.h */ = {isa = PBXFileReference; fileEncoding = 4; lastKnownFileType = sourcecode.c.h; path = RomanViewController.h; sourceTree = "<group>"; };
		BF0F528E0E52D836005F00CE /* RomanViewController.m */ = {isa = PBXFileReference; fileEncoding = 4; lastKnownFileType = sourcecode.c.objc; path = RomanViewController.m; sourceTree = "<group>"; };
		BF1405800E94B15000BFCDBA /* Default.png */ = {isa = PBXFileReference; lastKnownFileType = image.png; path = Default.png; sourceTree = "<group>"; };
		BF2BB6E10E94372F00CB1C7A /* panel.png */ = {isa = PBXFileReference; lastKnownFileType = image.png; path = panel.png; sourceTree = "<group>"; };
		BF3AC5920F6FB57900441C90 /* QuartzCore.framework */ = {isa = PBXFileReference; lastKnownFileType = wrapper.framework; name = QuartzCore.framework; path = System/Library/Frameworks/QuartzCore.framework; sourceTree = SDKROOT; };
		BF3AC6230F6FBB1D00441C90 /* iPhone-shaking.png */ = {isa = PBXFileReference; lastKnownFileType = image.png; path = "iPhone-shaking.png"; sourceTree = "<group>"; };
		BF4CFA010E94145A00818911 /* ArabicViewController.m */ = {isa = PBXFileReference; fileEncoding = 4; lastKnownFileType = sourcecode.c.objc; path = ArabicViewController.m; sourceTree = "<group>"; };
		BF4CFA020E94145A00818911 /* ArabicViewController.h */ = {isa = PBXFileReference; fileEncoding = 4; lastKnownFileType = sourcecode.c.h; path = ArabicViewController.h; sourceTree = "<group>"; };
		BF4CFA4D0E9421B600818911 /* roman.png */ = {isa = PBXFileReference; lastKnownFileType = image.png; path = roman.png; sourceTree = "<group>"; };
		BF4CFA4F0E9421BC00818911 /* arabic.png */ = {isa = PBXFileReference; lastKnownFileType = image.png; path = arabic.png; sourceTree = "<group>"; };
		BF5E8CDD0E52DACE00485C7A /* RomanView.xib */ = {isa = PBXFileReference; lastKnownFileType = file.xib; path = RomanView.xib; sourceTree = "<group>"; };
		BF7E68700E8440FC00099191 /* dark.png */ = {isa = PBXFileReference; lastKnownFileType = image.png; path = dark.png; sourceTree = "<group>"; };
		BF7E68760E84421C00099191 /* light.png */ = {isa = PBXFileReference; lastKnownFileType = image.png; path = light.png; sourceTree = "<group>"; };
		BF7E68BB0E844DE500099191 /* light_delete.png */ = {isa = PBXFileReference; lastKnownFileType = image.png; path = light_delete.png; sourceTree = "<group>"; };
		BF7E68BC0E844DE500099191 /* dark_delete.png */ = {isa = PBXFileReference; lastKnownFileType = image.png; path = dark_delete.png; sourceTree = "<group>"; };
		BF89BECC0E5622A8006F4F39 /* Icon.png */ = {isa = PBXFileReference; lastKnownFileType = image.png; path = Icon.png; sourceTree = "<group>"; };
		BFA126D80E94125E000342F9 /* ArabicView.xib */ = {isa = PBXFileReference; lastKnownFileType = file.xib; path = ArabicView.xib; sourceTree = "<group>"; };
		BFAC78A40EB3C2940018DAA6 /* Converter.h */ = {isa = PBXFileReference; fileEncoding = 4; lastKnownFileType = sourcecode.c.h; path = Converter.h; sourceTree = "<group>"; };
		BFAC78A50EB3C2940018DAA6 /* Converter.m */ = {isa = PBXFileReference; fileEncoding = 4; lastKnownFileType = sourcecode.c.objc; path = Converter.m; sourceTree = "<group>"; };
		BFAC7A870EB4566D0018DAA6 /* Settings.bundle */ = {isa = PBXFileReference; lastKnownFileType = "wrapper.plug-in"; path = Settings.bundle; sourceTree = "<group>"; };
		BFFC7B770E7ADEC1009ACA39 /* Entitlements.plist */ = {isa = PBXFileReference; fileEncoding = 4; lastKnownFileType = text.plist.xml; path = Entitlements.plist; sourceTree = "<group>"; };
/* End PBXFileReference section */

/* Begin PBXFrameworksBuildPhase section */
		1D60588F0D05DD3D006BFB54 /* Frameworks */ = {
			isa = PBXFrameworksBuildPhase;
			buildActionMask = 2147483647;
			files = (
				1D60589F0D05DD5A006BFB54 /* Foundation.framework in Frameworks */,
				1DF5F4E00D08C38300B7A737 /* UIKit.framework in Frameworks */,
				BF3AC5930F6FB57900441C90 /* QuartzCore.framework in Frameworks */,
			);
			runOnlyForDeploymentPostprocessing = 0;
		};
/* End PBXFrameworksBuildPhase section */

/* Begin PBXGroup section */
		080E96DDFE201D6D7F000001 /* Classes */ = {
			isa = PBXGroup;
			children = (
				BF4CFA020E94145A00818911 /* ArabicViewController.h */,
				BF4CFA010E94145A00818911 /* ArabicViewController.m */,
				BF0F528D0E52D836005F00CE /* RomanViewController.h */,
				BF0F528E0E52D836005F00CE /* RomanViewController.m */,
				1D3623240D0F684500981E51 /* RomanAppDelegate.h */,
				1D3623250D0F684500981E51 /* RomanAppDelegate.m */,
				BFAC78A40EB3C2940018DAA6 /* Converter.h */,
				BFAC78A50EB3C2940018DAA6 /* Converter.m */,
			);
			path = Classes;
			sourceTree = "<group>";
		};
		19C28FACFE9D520D11CA2CBB /* Products */ = {
			isa = PBXGroup;
			children = (
				BFAC7A870EB4566D0018DAA6 /* Settings.bundle */,
				1D6058910D05DD3D006BFB54 /* Roman.app */,
			);
			name = Products;
			sourceTree = "<group>";
		};
		29B97314FDCFA39411CA2CEA /* CustomTemplate */ = {
			isa = PBXGroup;
			children = (
				080E96DDFE201D6D7F000001 /* Classes */,
				29B97315FDCFA39411CA2CEA /* Other Sources */,
				29B97317FDCFA39411CA2CEA /* Resources */,
				29B97323FDCFA39411CA2CEA /* Frameworks */,
				19C28FACFE9D520D11CA2CBB /* Products */,
				BFFC7B770E7ADEC1009ACA39 /* Entitlements.plist */,
			);
			name = CustomTemplate;
			sourceTree = "<group>";
		};
		29B97315FDCFA39411CA2CEA /* Other Sources */ = {
			isa = PBXGroup;
			children = (
				32CA4F630368D1EE00C91783 /* Roman_Prefix.pch */,
				29B97316FDCFA39411CA2CEA /* main.m */,
			);
			name = "Other Sources";
			sourceTree = "<group>";
		};
		29B97317FDCFA39411CA2CEA /* Resources */ = {
			isa = PBXGroup;
			children = (
				BF2BB6E10E94372F00CB1C7A /* panel.png */,
				BF4CFA4F0E9421BC00818911 /* arabic.png */,
				BF4CFA4D0E9421B600818911 /* roman.png */,
				BF7E68BB0E844DE500099191 /* light_delete.png */,
				BF7E68BC0E844DE500099191 /* dark_delete.png */,
				BF7E68760E84421C00099191 /* light.png */,
				BF7E68700E8440FC00099191 /* dark.png */,
				BF3AC6230F6FBB1D00441C90 /* iPhone-shaking.png */,
				BFA126D80E94125E000342F9 /* ArabicView.xib */,
				28AD733E0D9D9553002E5188 /* MainWindow.xib */,
				BF5E8CDD0E52DACE00485C7A /* RomanView.xib */,
				8D1107310486CEB800E47090 /* Info.plist */,
				BF89BECC0E5622A8006F4F39 /* Icon.png */,
				BF1405800E94B15000BFCDBA /* Default.png */,
			);
			name = Resources;
			sourceTree = "<group>";
		};
		29B97323FDCFA39411CA2CEA /* Frameworks */ = {
			isa = PBXGroup;
			children = (
				BF3AC5920F6FB57900441C90 /* QuartzCore.framework */,
				1DF5F4DF0D08C38300B7A737 /* UIKit.framework */,
				1D30AB110D05D00D00671497 /* Foundation.framework */,
			);
			name = Frameworks;
			sourceTree = "<group>";
		};
/* End PBXGroup section */

/* Begin PBXNativeTarget section */
		1D6058900D05DD3D006BFB54 /* Roman */ = {
			isa = PBXNativeTarget;
			buildConfigurationList = 1D6058960D05DD3E006BFB54 /* Build configuration list for PBXNativeTarget "Roman" */;
			buildPhases = (
				1D60588D0D05DD3D006BFB54 /* Resources */,
				1D60588E0D05DD3D006BFB54 /* Sources */,
				1D60588F0D05DD3D006BFB54 /* Frameworks */,
			);
			buildRules = (
			);
			dependencies = (
			);
			name = Roman;
			productName = Roman;
			productReference = 1D6058910D05DD3D006BFB54 /* Roman.app */;
			productType = "com.apple.product-type.application";
		};
/* End PBXNativeTarget section */

/* Begin PBXProject section */
		29B97313FDCFA39411CA2CEA /* Project object */ = {
			isa = PBXProject;
			buildConfigurationList = C01FCF4E08A954540054247B /* Build configuration list for PBXProject "Roman" */;
			compatibilityVersion = "Xcode 3.1";
			hasScannedForEncodings = 1;
			mainGroup = 29B97314FDCFA39411CA2CEA /* CustomTemplate */;
			projectDirPath = "";
			projectRoot = "";
			targets = (
				1D6058900D05DD3D006BFB54 /* Roman */,
			);
		};
/* End PBXProject section */

/* Begin PBXResourcesBuildPhase section */
		1D60588D0D05DD3D006BFB54 /* Resources */ = {
			isa = PBXResourcesBuildPhase;
			buildActionMask = 2147483647;
			files = (
				28AD733F0D9D9553002E5188 /* MainWindow.xib in Resources */,
				BF5E8CDE0E52DACE00485C7A /* RomanView.xib in Resources */,
				BF89BECD0E5622A8006F4F39 /* Icon.png in Resources */,
				BFFC7B780E7ADEC1009ACA39 /* Entitlements.plist in Resources */,
				BF7E68710E8440FC00099191 /* dark.png in Resources */,
				BF7E68770E84421C00099191 /* light.png in Resources */,
				BF7E68BD0E844DE500099191 /* light_delete.png in Resources */,
				BF7E68BE0E844DE500099191 /* dark_delete.png in Resources */,
				BFA126D90E94125E000342F9 /* ArabicView.xib in Resources */,
				BF4CFA4E0E9421B600818911 /* roman.png in Resources */,
				BF4CFA500E9421BC00818911 /* arabic.png in Resources */,
				BF2BB6E20E94372F00CB1C7A /* panel.png in Resources */,
				BF1405810E94B15000BFCDBA /* Default.png in Resources */,
				BFAC7A880EB4566D0018DAA6 /* Settings.bundle in Resources */,
				BF3AC6240F6FBB1D00441C90 /* iPhone-shaking.png in Resources */,
			);
			runOnlyForDeploymentPostprocessing = 0;
		};
/* End PBXResourcesBuildPhase section */

/* Begin PBXSourcesBuildPhase section */
		1D60588E0D05DD3D006BFB54 /* Sources */ = {
			isa = PBXSourcesBuildPhase;
			buildActionMask = 2147483647;
			files = (
				1D60589B0D05DD56006BFB54 /* main.m in Sources */,
				1D3623260D0F684500981E51 /* RomanAppDelegate.m in Sources */,
				BF0F528F0E52D836005F00CE /* RomanViewController.m in Sources */,
				BF4CFA030E94145A00818911 /* ArabicViewController.m in Sources */,
				BFAC78A60EB3C2940018DAA6 /* Converter.m in Sources */,
			);
			runOnlyForDeploymentPostprocessing = 0;
		};
/* End PBXSourcesBuildPhase section */

/* Begin XCBuildConfiguration section */
		1D6058940D05DD3E006BFB54 /* Debug */ = {
			isa = XCBuildConfiguration;
			buildSettings = {
				ALWAYS_SEARCH_USER_PATHS = NO;
				"CODE_SIGN_IDENTITY[sdk=iphoneos*]" = "iPhone Developer";
				COPY_PHASE_STRIP = NO;
				GCC_DYNAMIC_NO_PIC = NO;
				GCC_OPTIMIZATION_LEVEL = 0;
				GCC_PRECOMPILE_PREFIX_HEADER = YES;
				GCC_PREFIX_HEADER = Roman_Prefix.pch;
				INFOPLIST_FILE = Info.plist;
				OTHER_CFLAGS = "-DDEBUG";
				PRODUCT_NAME = Roman;
				"PROVISIONING_PROFILE[sdk=iphoneos*]" = "";
				SDKROOT = iphoneos3.0;
			};
			name = Debug;
		};
		1D6058950D05DD3E006BFB54 /* Release */ = {
			isa = XCBuildConfiguration;
			buildSettings = {
				ALWAYS_SEARCH_USER_PATHS = NO;
				COPY_PHASE_STRIP = YES;
				GCC_PRECOMPILE_PREFIX_HEADER = YES;
				GCC_PREFIX_HEADER = Roman_Prefix.pch;
				INFOPLIST_FILE = Info.plist;
				PRODUCT_NAME = Roman;
				SDKROOT = iphoneos3.0;
			};
			name = Release;
		};
		BF49000A0E7AD4B400B71127 /* Distribution */ = {
			isa = XCBuildConfiguration;
			buildSettings = {
				ARCHS = "$(ARCHS_STANDARD_32_BIT)";
				CODE_SIGN_ENTITLEMENTS = Entitlements.plist;
				"CODE_SIGN_IDENTITY[sdk=iphoneos*]" = "iPhone Distribution: Rob Clarke";
				GCC_C_LANGUAGE_STANDARD = c99;
				GCC_WARN_ABOUT_RETURN_TYPE = YES;
				GCC_WARN_UNUSED_VARIABLE = YES;
				IPHONEOS_DEPLOYMENT_TARGET = 2.0;
				PREBINDING = NO;
				"PROVISIONING_PROFILE[sdk=iphoneos*]" = "C52177FA-8CFA-4A59-80F4-38AA8596B822";
				SDKROOT = iphoneos2.0;
			};
			name = Distribution;
		};
		BF49000B0E7AD4B400B71127 /* Distribution */ = {
			isa = XCBuildConfiguration;
			buildSettings = {
				ALWAYS_SEARCH_USER_PATHS = NO;
				CODE_SIGN_ENTITLEMENTS = Entitlements.plist;
				"CODE_SIGN_IDENTITY[sdk=iphoneos*]" = "iPhone Distribution: Rob Clarke";
				COPY_PHASE_STRIP = YES;
				GCC_PRECOMPILE_PREFIX_HEADER = YES;
				GCC_PREFIX_HEADER = Roman_Prefix.pch;
				INFOPLIST_FILE = Info.plist;
				PRODUCT_NAME = Roman;
				"PROVISIONING_PROFILE[sdk=iphoneos*]" = "25164ACB-5390-4AF4-B002-0FE914AFA70C";
				SDKROOT = iphoneos3.0;
			};
			name = Distribution;
		};
		C01FCF4F08A954540054247B /* Debug */ = {
			isa = XCBuildConfiguration;
			buildSettings = {
				ARCHS = "$(ARCHS_STANDARD_32_BIT)";
				"CODE_SIGN_IDENTITY[sdk=iphoneos*]" = "iPhone Developer";
				GCC_C_LANGUAGE_STANDARD = c99;
				GCC_WARN_ABOUT_RETURN_TYPE = YES;
				GCC_WARN_UNUSED_VARIABLE = YES;
				ONLY_ACTIVE_ARCH = YES;
				PREBINDING = NO;
				SDKROOT = iphoneos2.0;
			};
			name = Debug;
		};
		C01FCF5008A954540054247B /* Release */ = {
			isa = XCBuildConfiguration;
			buildSettings = {
				ARCHS = "$(ARCHS_STANDARD_32_BIT)";
				"CODE_SIGN_IDENTITY[sdk=iphoneos*]" = "iPhone Developer";
				GCC_C_LANGUAGE_STANDARD = c99;
				GCC_WARN_ABOUT_RETURN_TYPE = YES;
				GCC_WARN_UNUSED_VARIABLE = YES;
				PREBINDING = NO;
				SDKROOT = iphoneos2.0;
			};
			name = Release;
		};
/* End XCBuildConfiguration section */

/* Begin XCConfigurationList section */
		1D6058960D05DD3E006BFB54 /* Build configuration list for PBXNativeTarget "Roman" */ = {
			isa = XCConfigurationList;
			buildConfigurations = (
				1D6058940D05DD3E006BFB54 /* Debug */,
				1D6058950D05DD3E006BFB54 /* Release */,
				BF49000B0E7AD4B400B71127 /* Distribution */,
			);
			defaultConfigurationIsVisible = 0;
			defaultConfigurationName = Release;
		};
		C01FCF4E08A954540054247B /* Build configuration list for PBXProject "Roman" */ = {
			isa = XCConfigurationList;
			buildConfigurations = (
				C01FCF4F08A954540054247B /* Debug */,
				C01FCF5008A954540054247B /* Release */,
				BF49000A0E7AD4B400B71127 /* Distribution */,
			);
			defaultConfigurationIsVisible = 0;
			defaultConfigurationName = Release;
		};
/* End XCConfigurationList section */
	};
	rootObject = 29B97313FDCFA39411CA2CEA /* Project object */;
}
