// !$*UTF8*$!
{
	archiveVersion = 1;
	classes = {
	};
	objectVersion = 46;
	objects = {

/* Begin PBXBuildFile section */
		BF0114A118B0CC0300EC909D /* UIImage+Colours.m in Sources */ = {isa = PBXBuildFile; fileRef = BF0114A018B0CC0300EC909D /* UIImage+Colours.m */; };
		BF0A65DD18B296830036CEB1 /* RomanNumsActivityItemProvider.m in Sources */ = {isa = PBXBuildFile; fileRef = BF0A65DC18B296830036CEB1 /* RomanNumsActivityItemProvider.m */; };
		BF10C30218D23F39007224D3 /* CalendarViewController.m in Sources */ = {isa = PBXBuildFile; fileRef = BF10C30118D23F39007224D3 /* CalendarViewController.m */; };
		BF20F90D195C4A9A00A1748C /* LargeNumberSettingsViewController.m in Sources */ = {isa = PBXBuildFile; fileRef = BF20F90C195C4A9900A1748C /* LargeNumberSettingsViewController.m */; };
		BF5EF1C51895732200DA753A /* CalculatorViewController.m in Sources */ = {isa = PBXBuildFile; fileRef = BF5EF1C41895732200DA753A /* CalculatorViewController.m */; };
		BF5EF1C81895748200DA753A /* IAPHelper.m in Sources */ = {isa = PBXBuildFile; fileRef = BF5EF1C71895748200DA753A /* IAPHelper.m */; };
		BF5EF1CB1895778A00DA753A /* RomanIAPHelper.m in Sources */ = {isa = PBXBuildFile; fileRef = BF5EF1CA1895778A00DA753A /* RomanIAPHelper.m */; };
		BF5EF1CE1895781600DA753A /* MainMenuViewController.m in Sources */ = {isa = PBXBuildFile; fileRef = BF5EF1CD1895781600DA753A /* MainMenuViewController.m */; };
		BF69682218B2992C00B2006C /* ExtendAppViewController.m in Sources */ = {isa = PBXBuildFile; fileRef = BF69682118B2992C00B2006C /* ExtendAppViewController.m */; };
		BF72D67E19AE839900E1E9F3 /* CalendarSettingsViewController.m in Sources */ = {isa = PBXBuildFile; fileRef = BF72D67D19AE839900E1E9F3 /* CalendarSettingsViewController.m */; };
		BF74ACF6195AD8610058E72B /* TutorialViewController.m in Sources */ = {isa = PBXBuildFile; fileRef = BF74ACF5195AD8610058E72B /* TutorialViewController.m */; };
		BF74ACF9195AD8B30058E72B /* PageContentViewController.m in Sources */ = {isa = PBXBuildFile; fileRef = BF74ACF8195AD8B30058E72B /* PageContentViewController.m */; };
		BF74ACFF195AD9030058E72B /* page1.png in Resources */ = {isa = PBXBuildFile; fileRef = BF74ACFB195AD9030058E72B /* page1.png */; };
		BF74AD00195AD9030058E72B /* page2.png in Resources */ = {isa = PBXBuildFile; fileRef = BF74ACFC195AD9030058E72B /* page2.png */; };
		BF74AD01195AD9030058E72B /* page3.png in Resources */ = {isa = PBXBuildFile; fileRef = BF74ACFD195AD9030058E72B /* page3.png */; };
		BF74AD02195AD9030058E72B /* page4.png in Resources */ = {isa = PBXBuildFile; fileRef = BF74ACFE195AD9030058E72B /* page4.png */; };
		BFBD6CF61893F3510097D8B5 /* Foundation.framework in Frameworks */ = {isa = PBXBuildFile; fileRef = BFBD6CF51893F3510097D8B5 /* Foundation.framework */; };
		BFBD6CF81893F3510097D8B5 /* CoreGraphics.framework in Frameworks */ = {isa = PBXBuildFile; fileRef = BFBD6CF71893F3510097D8B5 /* CoreGraphics.framework */; };
		BFBD6CFA1893F3510097D8B5 /* UIKit.framework in Frameworks */ = {isa = PBXBuildFile; fileRef = BFBD6CF91893F3510097D8B5 /* UIKit.framework */; };
		BFBD6D001893F3510097D8B5 /* InfoPlist.strings in Resources */ = {isa = PBXBuildFile; fileRef = BFBD6CFE1893F3510097D8B5 /* InfoPlist.strings */; };
		BFBD6D021893F3510097D8B5 /* main.m in Sources */ = {isa = PBXBuildFile; fileRef = BFBD6D011893F3510097D8B5 /* main.m */; };
		BFBD6D061893F3510097D8B5 /* AppDelegate.m in Sources */ = {isa = PBXBuildFile; fileRef = BFBD6D051893F3510097D8B5 /* AppDelegate.m */; };
		BFBD6D091893F3510097D8B5 /* Main.storyboard in Resources */ = {isa = PBXBuildFile; fileRef = BFBD6D071893F3510097D8B5 /* Main.storyboard */; };
		BFBD6D0C1893F3510097D8B5 /* RomanViewController.m in Sources */ = {isa = PBXBuildFile; fileRef = BFBD6D0B1893F3510097D8B5 /* RomanViewController.m */; };
		BFBD6D0F1893F3510097D8B5 /* ArabicViewController.m in Sources */ = {isa = PBXBuildFile; fileRef = BFBD6D0E1893F3510097D8B5 /* ArabicViewController.m */; };
		BFBD6D111893F3510097D8B5 /* Images.xcassets in Resources */ = {isa = PBXBuildFile; fileRef = BFBD6D101893F3510097D8B5 /* Images.xcassets */; };
		BFBD6D181893F3510097D8B5 /* XCTest.framework in Frameworks */ = {isa = PBXBuildFile; fileRef = BFBD6D171893F3510097D8B5 /* XCTest.framework */; };
		BFBD6D191893F3510097D8B5 /* Foundation.framework in Frameworks */ = {isa = PBXBuildFile; fileRef = BFBD6CF51893F3510097D8B5 /* Foundation.framework */; };
		BFBD6D1A1893F3510097D8B5 /* UIKit.framework in Frameworks */ = {isa = PBXBuildFile; fileRef = BFBD6CF91893F3510097D8B5 /* UIKit.framework */; };
		BFBD6D221893F3510097D8B5 /* InfoPlist.strings in Resources */ = {isa = PBXBuildFile; fileRef = BFBD6D201893F3510097D8B5 /* InfoPlist.strings */; };
		BFBD6D241893F3510097D8B5 /* Roman_NumeralsTests.m in Sources */ = {isa = PBXBuildFile; fileRef = BFBD6D231893F3510097D8B5 /* Roman_NumeralsTests.m */; };
		BFBD6D2E1893F4120097D8B5 /* StoreKit.framework in Frameworks */ = {isa = PBXBuildFile; fileRef = BFBD6D2D1893F4120097D8B5 /* StoreKit.framework */; };
		BFBD6D361893F9430097D8B5 /* TabBarViewController.m in Sources */ = {isa = PBXBuildFile; fileRef = BFBD6D351893F9430097D8B5 /* TabBarViewController.m */; };
		BFBD6D391893FF7F0097D8B5 /* Converter.m in Sources */ = {isa = PBXBuildFile; fileRef = BFBD6D381893FF7F0097D8B5 /* Converter.m */; };
		BFC42F181959E14A0011001B /* AboutTableViewController.m in Sources */ = {isa = PBXBuildFile; fileRef = BFC42F171959E14A0011001B /* AboutTableViewController.m */; };
		BFC42F21195A0E600011001B /* WhatsNewViewController.m in Sources */ = {isa = PBXBuildFile; fileRef = BFC42F20195A0E600011001B /* WhatsNewViewController.m */; };
		BFD2269D19128D9D0071D675 /* thin-021_calendar_date.png in Resources */ = {isa = PBXBuildFile; fileRef = BFD2269C19128D9D0071D675 /* thin-021_calendar_date.png */; };
		BFD2269F19128DFA0071D675 /* thin-165_calculator.png in Resources */ = {isa = PBXBuildFile; fileRef = BFD2269E19128DFA0071D675 /* thin-165_calculator.png */; };
		BFD226A119128E9E0071D675 /* thin-021_calendar_date@2x.png in Resources */ = {isa = PBXBuildFile; fileRef = BFD226A019128E9E0071D675 /* thin-021_calendar_date@2x.png */; };
		BFD226A319128EB60071D675 /* thin-165_calculator@2x.png in Resources */ = {isa = PBXBuildFile; fileRef = BFD226A219128EB60071D675 /* thin-165_calculator@2x.png */; };
		BFE95D3018964D3B005B77AD /* KeyboardSettingsViewController.m in Sources */ = {isa = PBXBuildFile; fileRef = BFE95D2F18964D3B005B77AD /* KeyboardSettingsViewController.m */; };
/* End PBXBuildFile section */

/* Begin PBXContainerItemProxy section */
		BFBD6D1B1893F3510097D8B5 /* PBXContainerItemProxy */ = {
			isa = PBXContainerItemProxy;
			containerPortal = BFBD6CEA1893F3510097D8B5 /* Project object */;
			proxyType = 1;
			remoteGlobalIDString = BFBD6CF11893F3510097D8B5;
			remoteInfo = "Roman Numerals";
		};
/* End PBXContainerItemProxy section */

/* Begin PBXFileReference section */
		BF01149F18B0CC0300EC909D /* UIImage+Colours.h */ = {isa = PBXFileReference; fileEncoding = 4; lastKnownFileType = sourcecode.c.h; path = "UIImage+Colours.h"; sourceTree = "<group>"; };
		BF0114A018B0CC0300EC909D /* UIImage+Colours.m */ = {isa = PBXFileReference; fileEncoding = 4; lastKnownFileType = sourcecode.c.objc; path = "UIImage+Colours.m"; sourceTree = "<group>"; };
		BF0A65DB18B296830036CEB1 /* RomanNumsActivityItemProvider.h */ = {isa = PBXFileReference; fileEncoding = 4; lastKnownFileType = sourcecode.c.h; path = RomanNumsActivityItemProvider.h; sourceTree = "<group>"; };
		BF0A65DC18B296830036CEB1 /* RomanNumsActivityItemProvider.m */ = {isa = PBXFileReference; fileEncoding = 4; lastKnownFileType = sourcecode.c.objc; path = RomanNumsActivityItemProvider.m; sourceTree = "<group>"; };
		BF10C30018D23F39007224D3 /* CalendarViewController.h */ = {isa = PBXFileReference; fileEncoding = 4; lastKnownFileType = sourcecode.c.h; path = CalendarViewController.h; sourceTree = "<group>"; };
		BF10C30118D23F39007224D3 /* CalendarViewController.m */ = {isa = PBXFileReference; fileEncoding = 4; lastKnownFileType = sourcecode.c.objc; path = CalendarViewController.m; sourceTree = "<group>"; };
		BF20F90B195C4A9900A1748C /* LargeNumberSettingsViewController.h */ = {isa = PBXFileReference; fileEncoding = 4; lastKnownFileType = sourcecode.c.h; path = LargeNumberSettingsViewController.h; sourceTree = "<group>"; };
		BF20F90C195C4A9900A1748C /* LargeNumberSettingsViewController.m */ = {isa = PBXFileReference; fileEncoding = 4; lastKnownFileType = sourcecode.c.objc; path = LargeNumberSettingsViewController.m; sourceTree = "<group>"; };
		BF5EF1C31895732200DA753A /* CalculatorViewController.h */ = {isa = PBXFileReference; fileEncoding = 4; lastKnownFileType = sourcecode.c.h; path = CalculatorViewController.h; sourceTree = "<group>"; };
		BF5EF1C41895732200DA753A /* CalculatorViewController.m */ = {isa = PBXFileReference; fileEncoding = 4; lastKnownFileType = sourcecode.c.objc; path = CalculatorViewController.m; sourceTree = "<group>"; };
		BF5EF1C61895748200DA753A /* IAPHelper.h */ = {isa = PBXFileReference; fileEncoding = 4; lastKnownFileType = sourcecode.c.h; path = IAPHelper.h; sourceTree = "<group>"; };
		BF5EF1C71895748200DA753A /* IAPHelper.m */ = {isa = PBXFileReference; fileEncoding = 4; lastKnownFileType = sourcecode.c.objc; path = IAPHelper.m; sourceTree = "<group>"; };
		BF5EF1C91895778A00DA753A /* RomanIAPHelper.h */ = {isa = PBXFileReference; fileEncoding = 4; lastKnownFileType = sourcecode.c.h; path = RomanIAPHelper.h; sourceTree = "<group>"; };
		BF5EF1CA1895778A00DA753A /* RomanIAPHelper.m */ = {isa = PBXFileReference; fileEncoding = 4; lastKnownFileType = sourcecode.c.objc; path = RomanIAPHelper.m; sourceTree = "<group>"; };
		BF5EF1CC1895781600DA753A /* MainMenuViewController.h */ = {isa = PBXFileReference; fileEncoding = 4; lastKnownFileType = sourcecode.c.h; path = MainMenuViewController.h; sourceTree = "<group>"; };
		BF5EF1CD1895781600DA753A /* MainMenuViewController.m */ = {isa = PBXFileReference; fileEncoding = 4; lastKnownFileType = sourcecode.c.objc; path = MainMenuViewController.m; sourceTree = "<group>"; };
		BF69682018B2992C00B2006C /* ExtendAppViewController.h */ = {isa = PBXFileReference; fileEncoding = 4; lastKnownFileType = sourcecode.c.h; path = ExtendAppViewController.h; sourceTree = "<group>"; };
		BF69682118B2992C00B2006C /* ExtendAppViewController.m */ = {isa = PBXFileReference; fileEncoding = 4; lastKnownFileType = sourcecode.c.objc; path = ExtendAppViewController.m; sourceTree = "<group>"; };
		BF72D67C19AE839900E1E9F3 /* CalendarSettingsViewController.h */ = {isa = PBXFileReference; fileEncoding = 4; lastKnownFileType = sourcecode.c.h; path = CalendarSettingsViewController.h; sourceTree = "<group>"; };
		BF72D67D19AE839900E1E9F3 /* CalendarSettingsViewController.m */ = {isa = PBXFileReference; fileEncoding = 4; lastKnownFileType = sourcecode.c.objc; path = CalendarSettingsViewController.m; sourceTree = "<group>"; };
		BF74ACF4195AD8610058E72B /* TutorialViewController.h */ = {isa = PBXFileReference; fileEncoding = 4; lastKnownFileType = sourcecode.c.h; path = TutorialViewController.h; sourceTree = "<group>"; };
		BF74ACF5195AD8610058E72B /* TutorialViewController.m */ = {isa = PBXFileReference; fileEncoding = 4; lastKnownFileType = sourcecode.c.objc; path = TutorialViewController.m; sourceTree = "<group>"; };
		BF74ACF7195AD8B30058E72B /* PageContentViewController.h */ = {isa = PBXFileReference; fileEncoding = 4; lastKnownFileType = sourcecode.c.h; path = PageContentViewController.h; sourceTree = "<group>"; };
		BF74ACF8195AD8B30058E72B /* PageContentViewController.m */ = {isa = PBXFileReference; fileEncoding = 4; lastKnownFileType = sourcecode.c.objc; path = PageContentViewController.m; sourceTree = "<group>"; };
		BF74ACFB195AD9030058E72B /* page1.png */ = {isa = PBXFileReference; lastKnownFileType = image.png; path = page1.png; sourceTree = "<group>"; };
		BF74ACFC195AD9030058E72B /* page2.png */ = {isa = PBXFileReference; lastKnownFileType = image.png; path = page2.png; sourceTree = "<group>"; };
		BF74ACFD195AD9030058E72B /* page3.png */ = {isa = PBXFileReference; lastKnownFileType = image.png; path = page3.png; sourceTree = "<group>"; };
		BF74ACFE195AD9030058E72B /* page4.png */ = {isa = PBXFileReference; lastKnownFileType = image.png; path = page4.png; sourceTree = "<group>"; };
		BFBD6CF21893F3510097D8B5 /* Roman Numerals.app */ = {isa = PBXFileReference; explicitFileType = wrapper.application; includeInIndex = 0; path = "Roman Numerals.app"; sourceTree = BUILT_PRODUCTS_DIR; };
		BFBD6CF51893F3510097D8B5 /* Foundation.framework */ = {isa = PBXFileReference; lastKnownFileType = wrapper.framework; name = Foundation.framework; path = System/Library/Frameworks/Foundation.framework; sourceTree = SDKROOT; };
		BFBD6CF71893F3510097D8B5 /* CoreGraphics.framework */ = {isa = PBXFileReference; lastKnownFileType = wrapper.framework; name = CoreGraphics.framework; path = System/Library/Frameworks/CoreGraphics.framework; sourceTree = SDKROOT; };
		BFBD6CF91893F3510097D8B5 /* UIKit.framework */ = {isa = PBXFileReference; lastKnownFileType = wrapper.framework; name = UIKit.framework; path = System/Library/Frameworks/UIKit.framework; sourceTree = SDKROOT; };
		BFBD6CFD1893F3510097D8B5 /* Roman Numerals-Info.plist */ = {isa = PBXFileReference; lastKnownFileType = text.plist.xml; path = "Roman Numerals-Info.plist"; sourceTree = "<group>"; };
		BFBD6CFF1893F3510097D8B5 /* en */ = {isa = PBXFileReference; lastKnownFileType = text.plist.strings; name = en; path = en.lproj/InfoPlist.strings; sourceTree = "<group>"; };
		BFBD6D011893F3510097D8B5 /* main.m */ = {isa = PBXFileReference; lastKnownFileType = sourcecode.c.objc; path = main.m; sourceTree = "<group>"; };
		BFBD6D031893F3510097D8B5 /* Roman Numerals-Prefix.pch */ = {isa = PBXFileReference; lastKnownFileType = sourcecode.c.h; path = "Roman Numerals-Prefix.pch"; sourceTree = "<group>"; };
		BFBD6D041893F3510097D8B5 /* AppDelegate.h */ = {isa = PBXFileReference; lastKnownFileType = sourcecode.c.h; path = AppDelegate.h; sourceTree = "<group>"; };
		BFBD6D051893F3510097D8B5 /* AppDelegate.m */ = {isa = PBXFileReference; lastKnownFileType = sourcecode.c.objc; path = AppDelegate.m; sourceTree = "<group>"; };
		BFBD6D081893F3510097D8B5 /* Base */ = {isa = PBXFileReference; lastKnownFileType = file.storyboard; name = Base; path = Base.lproj/Main.storyboard; sourceTree = "<group>"; };
		BFBD6D0A1893F3510097D8B5 /* RomanViewController.h */ = {isa = PBXFileReference; lastKnownFileType = sourcecode.c.h; path = RomanViewController.h; sourceTree = "<group>"; };
		BFBD6D0B1893F3510097D8B5 /* RomanViewController.m */ = {isa = PBXFileReference; lastKnownFileType = sourcecode.c.objc; path = RomanViewController.m; sourceTree = "<group>"; };
		BFBD6D0D1893F3510097D8B5 /* ArabicViewController.h */ = {isa = PBXFileReference; lastKnownFileType = sourcecode.c.h; path = ArabicViewController.h; sourceTree = "<group>"; };
		BFBD6D0E1893F3510097D8B5 /* ArabicViewController.m */ = {isa = PBXFileReference; lastKnownFileType = sourcecode.c.objc; path = ArabicViewController.m; sourceTree = "<group>"; };
		BFBD6D101893F3510097D8B5 /* Images.xcassets */ = {isa = PBXFileReference; lastKnownFileType = folder.assetcatalog; path = Images.xcassets; sourceTree = "<group>"; };
		BFBD6D161893F3510097D8B5 /* Roman NumeralsTests.xctest */ = {isa = PBXFileReference; explicitFileType = wrapper.cfbundle; includeInIndex = 0; path = "Roman NumeralsTests.xctest"; sourceTree = BUILT_PRODUCTS_DIR; };
		BFBD6D171893F3510097D8B5 /* XCTest.framework */ = {isa = PBXFileReference; lastKnownFileType = wrapper.framework; name = XCTest.framework; path = Library/Frameworks/XCTest.framework; sourceTree = DEVELOPER_DIR; };
		BFBD6D1F1893F3510097D8B5 /* Roman NumeralsTests-Info.plist */ = {isa = PBXFileReference; lastKnownFileType = text.plist.xml; path = "Roman NumeralsTests-Info.plist"; sourceTree = "<group>"; };
		BFBD6D211893F3510097D8B5 /* en */ = {isa = PBXFileReference; lastKnownFileType = text.plist.strings; name = en; path = en.lproj/InfoPlist.strings; sourceTree = "<group>"; };
		BFBD6D231893F3510097D8B5 /* Roman_NumeralsTests.m */ = {isa = PBXFileReference; lastKnownFileType = sourcecode.c.objc; path = Roman_NumeralsTests.m; sourceTree = "<group>"; };
		BFBD6D2D1893F4120097D8B5 /* StoreKit.framework */ = {isa = PBXFileReference; lastKnownFileType = wrapper.framework; name = StoreKit.framework; path = System/Library/Frameworks/StoreKit.framework; sourceTree = SDKROOT; };
		BFBD6D341893F9430097D8B5 /* TabBarViewController.h */ = {isa = PBXFileReference; fileEncoding = 4; lastKnownFileType = sourcecode.c.h; path = TabBarViewController.h; sourceTree = "<group>"; };
		BFBD6D351893F9430097D8B5 /* TabBarViewController.m */ = {isa = PBXFileReference; fileEncoding = 4; lastKnownFileType = sourcecode.c.objc; path = TabBarViewController.m; sourceTree = "<group>"; };
		BFBD6D371893FF7F0097D8B5 /* Converter.h */ = {isa = PBXFileReference; fileEncoding = 4; lastKnownFileType = sourcecode.c.h; path = Converter.h; sourceTree = "<group>"; };
		BFBD6D381893FF7F0097D8B5 /* Converter.m */ = {isa = PBXFileReference; fileEncoding = 4; lastKnownFileType = sourcecode.c.objc; path = Converter.m; sourceTree = "<group>"; };
		BFC42F161959E14A0011001B /* AboutTableViewController.h */ = {isa = PBXFileReference; fileEncoding = 4; lastKnownFileType = sourcecode.c.h; path = AboutTableViewController.h; sourceTree = "<group>"; };
		BFC42F171959E14A0011001B /* AboutTableViewController.m */ = {isa = PBXFileReference; fileEncoding = 4; lastKnownFileType = sourcecode.c.objc; path = AboutTableViewController.m; sourceTree = "<group>"; };
		BFC42F1F195A0E600011001B /* WhatsNewViewController.h */ = {isa = PBXFileReference; fileEncoding = 4; lastKnownFileType = sourcecode.c.h; path = WhatsNewViewController.h; sourceTree = "<group>"; };
		BFC42F20195A0E600011001B /* WhatsNewViewController.m */ = {isa = PBXFileReference; fileEncoding = 4; lastKnownFileType = sourcecode.c.objc; path = WhatsNewViewController.m; sourceTree = "<group>"; };
		BFD2269C19128D9D0071D675 /* thin-021_calendar_date.png */ = {isa = PBXFileReference; lastKnownFileType = image.png; path = "thin-021_calendar_date.png"; sourceTree = "<group>"; };
		BFD2269E19128DFA0071D675 /* thin-165_calculator.png */ = {isa = PBXFileReference; lastKnownFileType = image.png; path = "thin-165_calculator.png"; sourceTree = "<group>"; };
		BFD226A019128E9E0071D675 /* thin-021_calendar_date@2x.png */ = {isa = PBXFileReference; lastKnownFileType = image.png; path = "thin-021_calendar_date@2x.png"; sourceTree = "<group>"; };
		BFD226A219128EB60071D675 /* thin-165_calculator@2x.png */ = {isa = PBXFileReference; lastKnownFileType = image.png; path = "thin-165_calculator@2x.png"; sourceTree = "<group>"; };
		BFE95D2E18964D3B005B77AD /* KeyboardSettingsViewController.h */ = {isa = PBXFileReference; fileEncoding = 4; lastKnownFileType = sourcecode.c.h; path = KeyboardSettingsViewController.h; sourceTree = "<group>"; };
		BFE95D2F18964D3B005B77AD /* KeyboardSettingsViewController.m */ = {isa = PBXFileReference; fileEncoding = 4; lastKnownFileType = sourcecode.c.objc; path = KeyboardSettingsViewController.m; sourceTree = "<group>"; };
/* End PBXFileReference section */

/* Begin PBXFrameworksBuildPhase section */
		BFBD6CEF1893F3510097D8B5 /* Frameworks */ = {
			isa = PBXFrameworksBuildPhase;
			buildActionMask = 2147483647;
			files = (
				BFBD6CF81893F3510097D8B5 /* CoreGraphics.framework in Frameworks */,
				BFBD6CFA1893F3510097D8B5 /* UIKit.framework in Frameworks */,
				BFBD6CF61893F3510097D8B5 /* Foundation.framework in Frameworks */,
				BFBD6D2E1893F4120097D8B5 /* StoreKit.framework in Frameworks */,
			);
			runOnlyForDeploymentPostprocessing = 0;
		};
		BFBD6D131893F3510097D8B5 /* Frameworks */ = {
			isa = PBXFrameworksBuildPhase;
			buildActionMask = 2147483647;
			files = (
				BFBD6D181893F3510097D8B5 /* XCTest.framework in Frameworks */,
				BFBD6D1A1893F3510097D8B5 /* UIKit.framework in Frameworks */,
				BFBD6D191893F3510097D8B5 /* Foundation.framework in Frameworks */,
			);
			runOnlyForDeploymentPostprocessing = 0;
		};
/* End PBXFrameworksBuildPhase section */

/* Begin PBXGroup section */
		BF74ACFA195AD8F10058E72B /* Tutorial */ = {
			isa = PBXGroup;
			children = (
				BF74ACF4195AD8610058E72B /* TutorialViewController.h */,
				BF74ACF5195AD8610058E72B /* TutorialViewController.m */,
				BF74ACF7195AD8B30058E72B /* PageContentViewController.h */,
				BF74ACF8195AD8B30058E72B /* PageContentViewController.m */,
				BF74ACFB195AD9030058E72B /* page1.png */,
				BF74ACFC195AD9030058E72B /* page2.png */,
				BF74ACFD195AD9030058E72B /* page3.png */,
				BF74ACFE195AD9030058E72B /* page4.png */,
			);
			name = Tutorial;
			sourceTree = "<group>";
		};
		BFBD6CE91893F3510097D8B5 = {
			isa = PBXGroup;
			children = (
				BFBD6CFB1893F3510097D8B5 /* Roman Numerals */,
				BFBD6D1D1893F3510097D8B5 /* Roman NumeralsTests */,
				BFBD6CF41893F3510097D8B5 /* Frameworks */,
				BFBD6CF31893F3510097D8B5 /* Products */,
			);
			sourceTree = "<group>";
		};
		BFBD6CF31893F3510097D8B5 /* Products */ = {
			isa = PBXGroup;
			children = (
				BFBD6CF21893F3510097D8B5 /* Roman Numerals.app */,
				BFBD6D161893F3510097D8B5 /* Roman NumeralsTests.xctest */,
			);
			name = Products;
			sourceTree = "<group>";
		};
		BFBD6CF41893F3510097D8B5 /* Frameworks */ = {
			isa = PBXGroup;
			children = (
				BFBD6D2D1893F4120097D8B5 /* StoreKit.framework */,
				BFBD6CF51893F3510097D8B5 /* Foundation.framework */,
				BFBD6CF71893F3510097D8B5 /* CoreGraphics.framework */,
				BFBD6CF91893F3510097D8B5 /* UIKit.framework */,
				BFBD6D171893F3510097D8B5 /* XCTest.framework */,
			);
			name = Frameworks;
			sourceTree = "<group>";
		};
		BFBD6CFB1893F3510097D8B5 /* Roman Numerals */ = {
			isa = PBXGroup;
			children = (
				BF74ACFA195AD8F10058E72B /* Tutorial */,
				BFD2269B19128B990071D675 /* IAP */,
				BFBD6D041893F3510097D8B5 /* AppDelegate.h */,
				BFBD6D051893F3510097D8B5 /* AppDelegate.m */,
				BFBD6D071893F3510097D8B5 /* Main.storyboard */,
				BFE95D2E18964D3B005B77AD /* KeyboardSettingsViewController.h */,
				BFE95D2F18964D3B005B77AD /* KeyboardSettingsViewController.m */,
				BF72D67C19AE839900E1E9F3 /* CalendarSettingsViewController.h */,
				BF72D67D19AE839900E1E9F3 /* CalendarSettingsViewController.m */,
				BF20F90B195C4A9900A1748C /* LargeNumberSettingsViewController.h */,
				BF20F90C195C4A9900A1748C /* LargeNumberSettingsViewController.m */,
				BFBD6D341893F9430097D8B5 /* TabBarViewController.h */,
				BFBD6D351893F9430097D8B5 /* TabBarViewController.m */,
				BF5EF1CC1895781600DA753A /* MainMenuViewController.h */,
				BF5EF1CD1895781600DA753A /* MainMenuViewController.m */,
				BFBD6D0A1893F3510097D8B5 /* RomanViewController.h */,
				BFBD6D0B1893F3510097D8B5 /* RomanViewController.m */,
				BFBD6D0D1893F3510097D8B5 /* ArabicViewController.h */,
				BFBD6D0E1893F3510097D8B5 /* ArabicViewController.m */,
				BF0A65DB18B296830036CEB1 /* RomanNumsActivityItemProvider.h */,
				BF0A65DC18B296830036CEB1 /* RomanNumsActivityItemProvider.m */,
				BFBD6D371893FF7F0097D8B5 /* Converter.h */,
				BFBD6D381893FF7F0097D8B5 /* Converter.m */,
				BFBD6D101893F3510097D8B5 /* Images.xcassets */,
				BFBD6CFC1893F3510097D8B5 /* Supporting Files */,
				BFC42F161959E14A0011001B /* AboutTableViewController.h */,
				BFC42F171959E14A0011001B /* AboutTableViewController.m */,
				BFC42F1F195A0E600011001B /* WhatsNewViewController.h */,
				BFC42F20195A0E600011001B /* WhatsNewViewController.m */,
			);
			path = "Roman Numerals";
			sourceTree = "<group>";
		};
		BFBD6CFC1893F3510097D8B5 /* Supporting Files */ = {
			isa = PBXGroup;
			children = (
				BF01149F18B0CC0300EC909D /* UIImage+Colours.h */,
				BF0114A018B0CC0300EC909D /* UIImage+Colours.m */,
				BFBD6CFD1893F3510097D8B5 /* Roman Numerals-Info.plist */,
				BFBD6CFE1893F3510097D8B5 /* InfoPlist.strings */,
				BFBD6D011893F3510097D8B5 /* main.m */,
				BFBD6D031893F3510097D8B5 /* Roman Numerals-Prefix.pch */,
			);
			name = "Supporting Files";
			sourceTree = "<group>";
		};
		BFBD6D1D1893F3510097D8B5 /* Roman NumeralsTests */ = {
			isa = PBXGroup;
			children = (
				BFBD6D231893F3510097D8B5 /* Roman_NumeralsTests.m */,
				BFBD6D1E1893F3510097D8B5 /* Supporting Files */,
			);
			path = "Roman NumeralsTests";
			sourceTree = "<group>";
		};
		BFBD6D1E1893F3510097D8B5 /* Supporting Files */ = {
			isa = PBXGroup;
			children = (
				BFBD6D1F1893F3510097D8B5 /* Roman NumeralsTests-Info.plist */,
				BFBD6D201893F3510097D8B5 /* InfoPlist.strings */,
			);
			name = "Supporting Files";
			sourceTree = "<group>";
		};
		BFD2269B19128B990071D675 /* IAP */ = {
			isa = PBXGroup;
			children = (
				BFD2269C19128D9D0071D675 /* thin-021_calendar_date.png */,
				BFD226A019128E9E0071D675 /* thin-021_calendar_date@2x.png */,
				BFD2269E19128DFA0071D675 /* thin-165_calculator.png */,
				BFD226A219128EB60071D675 /* thin-165_calculator@2x.png */,
				BF5EF1C61895748200DA753A /* IAPHelper.h */,
				BF5EF1C71895748200DA753A /* IAPHelper.m */,
				BF5EF1C91895778A00DA753A /* RomanIAPHelper.h */,
				BF5EF1CA1895778A00DA753A /* RomanIAPHelper.m */,
				BF69682018B2992C00B2006C /* ExtendAppViewController.h */,
				BF69682118B2992C00B2006C /* ExtendAppViewController.m */,
				BF5EF1C31895732200DA753A /* CalculatorViewController.h */,
				BF5EF1C41895732200DA753A /* CalculatorViewController.m */,
				BF10C30018D23F39007224D3 /* CalendarViewController.h */,
				BF10C30118D23F39007224D3 /* CalendarViewController.m */,
			);
			name = IAP;
			sourceTree = "<group>";
		};
/* End PBXGroup section */

/* Begin PBXNativeTarget section */
		BFBD6CF11893F3510097D8B5 /* Roman Numerals */ = {
			isa = PBXNativeTarget;
			buildConfigurationList = BFBD6D271893F3510097D8B5 /* Build configuration list for PBXNativeTarget "Roman Numerals" */;
			buildPhases = (
				BFBD6CEE1893F3510097D8B5 /* Sources */,
				BFBD6CEF1893F3510097D8B5 /* Frameworks */,
				BFBD6CF01893F3510097D8B5 /* Resources */,
			);
			buildRules = (
			);
			dependencies = (
			);
			name = "Roman Numerals";
			productName = "Roman Numerals";
			productReference = BFBD6CF21893F3510097D8B5 /* Roman Numerals.app */;
			productType = "com.apple.product-type.application";
		};
		BFBD6D151893F3510097D8B5 /* Roman NumeralsTests */ = {
			isa = PBXNativeTarget;
			buildConfigurationList = BFBD6D2A1893F3510097D8B5 /* Build configuration list for PBXNativeTarget "Roman NumeralsTests" */;
			buildPhases = (
				BFBD6D121893F3510097D8B5 /* Sources */,
				BFBD6D131893F3510097D8B5 /* Frameworks */,
				BFBD6D141893F3510097D8B5 /* Resources */,
			);
			buildRules = (
			);
			dependencies = (
				BFBD6D1C1893F3510097D8B5 /* PBXTargetDependency */,
			);
			name = "Roman NumeralsTests";
			productName = "Roman NumeralsTests";
			productReference = BFBD6D161893F3510097D8B5 /* Roman NumeralsTests.xctest */;
			productType = "com.apple.product-type.bundle.unit-test";
		};
/* End PBXNativeTarget section */

/* Begin PBXProject section */
		BFBD6CEA1893F3510097D8B5 /* Project object */ = {
			isa = PBXProject;
			attributes = {
				LastUpgradeCheck = 0510;
				ORGANIZATIONNAME = "Robert Clarke";
				TargetAttributes = {
					BFBD6CF11893F3510097D8B5 = {
						DevelopmentTeam = 6E8JQ66NR8;
						SystemCapabilities = {
							com.apple.InAppPurchase = {
								enabled = 1;
							};
						};
					};
					BFBD6D151893F3510097D8B5 = {
						TestTargetID = BFBD6CF11893F3510097D8B5;
					};
				};
			};
			buildConfigurationList = BFBD6CED1893F3510097D8B5 /* Build configuration list for PBXProject "Roman Numerals" */;
			compatibilityVersion = "Xcode 3.2";
			developmentRegion = English;
			hasScannedForEncodings = 0;
			knownRegions = (
				en,
				Base,
			);
			mainGroup = BFBD6CE91893F3510097D8B5;
			productRefGroup = BFBD6CF31893F3510097D8B5 /* Products */;
			projectDirPath = "";
			projectRoot = "";
			targets = (
				BFBD6CF11893F3510097D8B5 /* Roman Numerals */,
				BFBD6D151893F3510097D8B5 /* Roman NumeralsTests */,
			);
		};
/* End PBXProject section */

/* Begin PBXResourcesBuildPhase section */
		BFBD6CF01893F3510097D8B5 /* Resources */ = {
			isa = PBXResourcesBuildPhase;
			buildActionMask = 2147483647;
			files = (
				BF74AD02195AD9030058E72B /* page4.png in Resources */,
				BFBD6D111893F3510097D8B5 /* Images.xcassets in Resources */,
				BFBD6D001893F3510097D8B5 /* InfoPlist.strings in Resources */,
				BF74AD01195AD9030058E72B /* page3.png in Resources */,
				BF74ACFF195AD9030058E72B /* page1.png in Resources */,
				BFD2269F19128DFA0071D675 /* thin-165_calculator.png in Resources */,
				BFD226A319128EB60071D675 /* thin-165_calculator@2x.png in Resources */,
				BF74AD00195AD9030058E72B /* page2.png in Resources */,
				BFD226A119128E9E0071D675 /* thin-021_calendar_date@2x.png in Resources */,
				BFD2269D19128D9D0071D675 /* thin-021_calendar_date.png in Resources */,
				BFBD6D091893F3510097D8B5 /* Main.storyboard in Resources */,
			);
			runOnlyForDeploymentPostprocessing = 0;
		};
		BFBD6D141893F3510097D8B5 /* Resources */ = {
			isa = PBXResourcesBuildPhase;
			buildActionMask = 2147483647;
			files = (
				BFBD6D221893F3510097D8B5 /* InfoPlist.strings in Resources */,
			);
			runOnlyForDeploymentPostprocessing = 0;
		};
/* End PBXResourcesBuildPhase section */

/* Begin PBXSourcesBuildPhase section */
		BFBD6CEE1893F3510097D8B5 /* Sources */ = {
			isa = PBXSourcesBuildPhase;
			buildActionMask = 2147483647;
			files = (
				BFBD6D0F1893F3510097D8B5 /* ArabicViewController.m in Sources */,
				BFBD6D061893F3510097D8B5 /* AppDelegate.m in Sources */,
				BF5EF1CB1895778A00DA753A /* RomanIAPHelper.m in Sources */,
				BFE95D3018964D3B005B77AD /* KeyboardSettingsViewController.m in Sources */,
				BF0114A118B0CC0300EC909D /* UIImage+Colours.m in Sources */,
				BFC42F21195A0E600011001B /* WhatsNewViewController.m in Sources */,
				BFBD6D391893FF7F0097D8B5 /* Converter.m in Sources */,
				BF0A65DD18B296830036CEB1 /* RomanNumsActivityItemProvider.m in Sources */,
				BFBD6D0C1893F3510097D8B5 /* RomanViewController.m in Sources */,
				BF5EF1CE1895781600DA753A /* MainMenuViewController.m in Sources */,
				BF69682218B2992C00B2006C /* ExtendAppViewController.m in Sources */,
				BFBD6D361893F9430097D8B5 /* TabBarViewController.m in Sources */,
				BF10C30218D23F39007224D3 /* CalendarViewController.m in Sources */,
				BF5EF1C51895732200DA753A /* CalculatorViewController.m in Sources */,
				BFC42F181959E14A0011001B /* AboutTableViewController.m in Sources */,
				BF5EF1C81895748200DA753A /* IAPHelper.m in Sources */,
				BF72D67E19AE839900E1E9F3 /* CalendarSettingsViewController.m in Sources */,
				BF74ACF9195AD8B30058E72B /* PageContentViewController.m in Sources */,
				BF20F90D195C4A9A00A1748C /* LargeNumberSettingsViewController.m in Sources */,
				BFBD6D021893F3510097D8B5 /* main.m in Sources */,
				BF74ACF6195AD8610058E72B /* TutorialViewController.m in Sources */,
			);
			runOnlyForDeploymentPostprocessing = 0;
		};
		BFBD6D121893F3510097D8B5 /* Sources */ = {
			isa = PBXSourcesBuildPhase;
			buildActionMask = 2147483647;
			files = (
				BFBD6D241893F3510097D8B5 /* Roman_NumeralsTests.m in Sources */,
			);
			runOnlyForDeploymentPostprocessing = 0;
		};
/* End PBXSourcesBuildPhase section */

/* Begin PBXTargetDependency section */
		BFBD6D1C1893F3510097D8B5 /* PBXTargetDependency */ = {
			isa = PBXTargetDependency;
			target = BFBD6CF11893F3510097D8B5 /* Roman Numerals */;
			targetProxy = BFBD6D1B1893F3510097D8B5 /* PBXContainerItemProxy */;
		};
/* End PBXTargetDependency section */

/* Begin PBXVariantGroup section */
		BFBD6CFE1893F3510097D8B5 /* InfoPlist.strings */ = {
			isa = PBXVariantGroup;
			children = (
				BFBD6CFF1893F3510097D8B5 /* en */,
			);
			name = InfoPlist.strings;
			sourceTree = "<group>";
		};
		BFBD6D071893F3510097D8B5 /* Main.storyboard */ = {
			isa = PBXVariantGroup;
			children = (
				BFBD6D081893F3510097D8B5 /* Base */,
			);
			name = Main.storyboard;
			sourceTree = "<group>";
		};
		BFBD6D201893F3510097D8B5 /* InfoPlist.strings */ = {
			isa = PBXVariantGroup;
			children = (
				BFBD6D211893F3510097D8B5 /* en */,
			);
			name = InfoPlist.strings;
			sourceTree = "<group>";
		};
/* End PBXVariantGroup section */

/* Begin XCBuildConfiguration section */
		BFBD6D251893F3510097D8B5 /* Debug */ = {
			isa = XCBuildConfiguration;
			buildSettings = {
				ALWAYS_SEARCH_USER_PATHS = NO;
				CLANG_CXX_LANGUAGE_STANDARD = "gnu++0x";
				CLANG_CXX_LIBRARY = "libc++";
				CLANG_ENABLE_MODULES = YES;
				CLANG_ENABLE_OBJC_ARC = YES;
				CLANG_WARN_BOOL_CONVERSION = YES;
				CLANG_WARN_CONSTANT_CONVERSION = YES;
				CLANG_WARN_DIRECT_OBJC_ISA_USAGE = YES_ERROR;
				CLANG_WARN_EMPTY_BODY = YES;
				CLANG_WARN_ENUM_CONVERSION = YES;
				CLANG_WARN_INT_CONVERSION = YES;
				CLANG_WARN_OBJC_ROOT_CLASS = YES_ERROR;
				CLANG_WARN__DUPLICATE_METHOD_MATCH = YES;
				"CODE_SIGN_IDENTITY[sdk=iphoneos*]" = "iPhone Developer";
				COPY_PHASE_STRIP = NO;
				GCC_C_LANGUAGE_STANDARD = gnu99;
				GCC_DYNAMIC_NO_PIC = NO;
				GCC_OPTIMIZATION_LEVEL = 0;
				GCC_PREPROCESSOR_DEFINITIONS = (
					"DEBUG=1",
					"$(inherited)",
				);
				GCC_SYMBOLS_PRIVATE_EXTERN = NO;
				GCC_WARN_64_TO_32_BIT_CONVERSION = YES;
				GCC_WARN_ABOUT_RETURN_TYPE = YES_ERROR;
				GCC_WARN_UNDECLARED_SELECTOR = YES;
				GCC_WARN_UNINITIALIZED_AUTOS = YES;
				GCC_WARN_UNUSED_FUNCTION = YES;
				GCC_WARN_UNUSED_VARIABLE = YES;
				IPHONEOS_DEPLOYMENT_TARGET = 7.0;
				ONLY_ACTIVE_ARCH = YES;
				SDKROOT = iphoneos;
			};
			name = Debug;
		};
		BFBD6D261893F3510097D8B5 /* Release */ = {
			isa = XCBuildConfiguration;
			buildSettings = {
				ALWAYS_SEARCH_USER_PATHS = NO;
				CLANG_CXX_LANGUAGE_STANDARD = "gnu++0x";
				CLANG_CXX_LIBRARY = "libc++";
				CLANG_ENABLE_MODULES = YES;
				CLANG_ENABLE_OBJC_ARC = YES;
				CLANG_WARN_BOOL_CONVERSION = YES;
				CLANG_WARN_CONSTANT_CONVERSION = YES;
				CLANG_WARN_DIRECT_OBJC_ISA_USAGE = YES_ERROR;
				CLANG_WARN_EMPTY_BODY = YES;
				CLANG_WARN_ENUM_CONVERSION = YES;
				CLANG_WARN_INT_CONVERSION = YES;
				CLANG_WARN_OBJC_ROOT_CLASS = YES_ERROR;
				CLANG_WARN__DUPLICATE_METHOD_MATCH = YES;
				"CODE_SIGN_IDENTITY[sdk=iphoneos*]" = "iPhone Developer";
				COPY_PHASE_STRIP = YES;
				ENABLE_NS_ASSERTIONS = NO;
				GCC_C_LANGUAGE_STANDARD = gnu99;
				GCC_WARN_64_TO_32_BIT_CONVERSION = YES;
				GCC_WARN_ABOUT_RETURN_TYPE = YES_ERROR;
				GCC_WARN_UNDECLARED_SELECTOR = YES;
				GCC_WARN_UNINITIALIZED_AUTOS = YES;
				GCC_WARN_UNUSED_FUNCTION = YES;
				GCC_WARN_UNUSED_VARIABLE = YES;
				IPHONEOS_DEPLOYMENT_TARGET = 7.0;
				SDKROOT = iphoneos;
				VALIDATE_PRODUCT = YES;
			};
			name = Release;
		};
		BFBD6D281893F3510097D8B5 /* Debug */ = {
			isa = XCBuildConfiguration;
			buildSettings = {
				ASSETCATALOG_COMPILER_APPICON_NAME = AppIcon;
				ASSETCATALOG_COMPILER_LAUNCHIMAGE_NAME = LaunchImage;
				CODE_SIGN_IDENTITY = "iPhone Developer";
				"CODE_SIGN_IDENTITY[sdk=iphoneos*]" = "iPhone Developer";
				GCC_PRECOMPILE_PREFIX_HEADER = YES;
				GCC_PREFIX_HEADER = "Roman Numerals/Roman Numerals-Prefix.pch";
				INFOPLIST_FILE = "Roman Numerals/Roman Numerals-Info.plist";
				IPHONEOS_DEPLOYMENT_TARGET = 7.1;
				PRODUCT_NAME = "$(TARGET_NAME)";
				PROVISIONING_PROFILE = "";
				WRAPPER_EXTENSION = app;
			};
			name = Debug;
		};
		BFBD6D291893F3510097D8B5 /* Release */ = {
			isa = XCBuildConfiguration;
			buildSettings = {
				ASSETCATALOG_COMPILER_APPICON_NAME = AppIcon;
				ASSETCATALOG_COMPILER_LAUNCHIMAGE_NAME = LaunchImage;
				CODE_SIGN_IDENTITY = "iPhone Developer";
				"CODE_SIGN_IDENTITY[sdk=iphoneos*]" = "iPhone Developer";
				GCC_PRECOMPILE_PREFIX_HEADER = YES;
				GCC_PREFIX_HEADER = "Roman Numerals/Roman Numerals-Prefix.pch";
				INFOPLIST_FILE = "Roman Numerals/Roman Numerals-Info.plist";
				IPHONEOS_DEPLOYMENT_TARGET = 7.1;
				PRODUCT_NAME = "$(TARGET_NAME)";
				PROVISIONING_PROFILE = "";
				WRAPPER_EXTENSION = app;
			};
			name = Release;
		};
		BFBD6D2B1893F3510097D8B5 /* Debug */ = {
			isa = XCBuildConfiguration;
			buildSettings = {
				BUNDLE_LOADER = "$(BUILT_PRODUCTS_DIR)/Roman Numerals.app/Roman Numerals";
				FRAMEWORK_SEARCH_PATHS = (
					"$(SDKROOT)/Developer/Library/Frameworks",
					"$(inherited)",
					"$(DEVELOPER_FRAMEWORKS_DIR)",
				);
				GCC_PRECOMPILE_PREFIX_HEADER = YES;
				GCC_PREFIX_HEADER = "Roman Numerals/Roman Numerals-Prefix.pch";
				GCC_PREPROCESSOR_DEFINITIONS = (
					"DEBUG=1",
					"$(inherited)",
				);
				INFOPLIST_FILE = "Roman NumeralsTests/Roman NumeralsTests-Info.plist";
				PRODUCT_NAME = "$(TARGET_NAME)";
				TEST_HOST = "$(BUNDLE_LOADER)";
				WRAPPER_EXTENSION = xctest;
			};
			name = Debug;
		};
		BFBD6D2C1893F3510097D8B5 /* Release */ = {
			isa = XCBuildConfiguration;
			buildSettings = {
				BUNDLE_LOADER = "$(BUILT_PRODUCTS_DIR)/Roman Numerals.app/Roman Numerals";
				FRAMEWORK_SEARCH_PATHS = (
					"$(SDKROOT)/Developer/Library/Frameworks",
					"$(inherited)",
					"$(DEVELOPER_FRAMEWORKS_DIR)",
				);
				GCC_PRECOMPILE_PREFIX_HEADER = YES;
				GCC_PREFIX_HEADER = "Roman Numerals/Roman Numerals-Prefix.pch";
				INFOPLIST_FILE = "Roman NumeralsTests/Roman NumeralsTests-Info.plist";
				PRODUCT_NAME = "$(TARGET_NAME)";
				TEST_HOST = "$(BUNDLE_LOADER)";
				WRAPPER_EXTENSION = xctest;
			};
			name = Release;
		};
/* End XCBuildConfiguration section */

/* Begin XCConfigurationList section */
		BFBD6CED1893F3510097D8B5 /* Build configuration list for PBXProject "Roman Numerals" */ = {
			isa = XCConfigurationList;
			buildConfigurations = (
				BFBD6D251893F3510097D8B5 /* Debug */,
				BFBD6D261893F3510097D8B5 /* Release */,
			);
			defaultConfigurationIsVisible = 0;
			defaultConfigurationName = Release;
		};
		BFBD6D271893F3510097D8B5 /* Build configuration list for PBXNativeTarget "Roman Numerals" */ = {
			isa = XCConfigurationList;
			buildConfigurations = (
				BFBD6D281893F3510097D8B5 /* Debug */,
				BFBD6D291893F3510097D8B5 /* Release */,
			);
			defaultConfigurationIsVisible = 0;
			defaultConfigurationName = Release;
		};
		BFBD6D2A1893F3510097D8B5 /* Build configuration list for PBXNativeTarget "Roman NumeralsTests" */ = {
			isa = XCConfigurationList;
			buildConfigurations = (
				BFBD6D2B1893F3510097D8B5 /* Debug */,
				BFBD6D2C1893F3510097D8B5 /* Release */,
			);
			defaultConfigurationIsVisible = 0;
			defaultConfigurationName = Release;
		};
/* End XCConfigurationList section */
	};
	rootObject = BFBD6CEA1893F3510097D8B5 /* Project object */;
}
